// !$*UTF8*$!
{
	archiveVersion = 1;
	classes = {
	};
	objectVersion = 54;
	objects = {

/* Begin PBXBuildFile section */
		00E356F31AD99517003FC87E /* yallTests.m in Sources */ = {isa = PBXBuildFile; fileRef = 00E356F21AD99517003FC87E /* yallTests.m */; };
		0C80B921A6F3F58F76C31292 /* libPods-yall.a in Frameworks */ = {isa = PBXBuildFile; fileRef = 5DCACB8F33CDC322A6C60F78 /* libPods-yall.a */; };
		13B07FBC1A68108700A75B9A /* AppDelegate.mm in Sources */ = {isa = PBXBuildFile; fileRef = 13B07FB01A68108700A75B9A /* AppDelegate.mm */; };
		13B07FBF1A68108700A75B9A /* Images.xcassets in Resources */ = {isa = PBXBuildFile; fileRef = 13B07FB51A68108700A75B9A /* Images.xcassets */; };
		13B07FC11A68108700A75B9A /* main.m in Sources */ = {isa = PBXBuildFile; fileRef = 13B07FB71A68108700A75B9A /* main.m */; };
		7699B88040F8A987B510C191 /* libPods-yall-yallTests.a in Frameworks */ = {isa = PBXBuildFile; fileRef = 19F6CBCC0A4E27FBF8BF4A61 /* libPods-yall-yallTests.a */; };
		81AB9BB82411601600AC10FF /* LaunchScreen.storyboard in Resources */ = {isa = PBXBuildFile; fileRef = 81AB9BB72411601600AC10FF /* LaunchScreen.storyboard */; };
		65034D11599E4AA39B2A15EB /* BakbakOne-Regular.ttf in Resources */ = {isa = PBXBuildFile; fileRef = 243A6DF8E76F412F9BC2D66B /* BakbakOne-Regular.ttf */; };
		52EDA42F7F164D548B9EC18E /* Inter-Black.ttf in Resources */ = {isa = PBXBuildFile; fileRef = 2A87B5F2FCD44B58BCF190F9 /* Inter-Black.ttf */; };
		95DDDAE6584A49F294493CC2 /* Inter-Bold.ttf in Resources */ = {isa = PBXBuildFile; fileRef = AEE18A2299D7494D8D986B26 /* Inter-Bold.ttf */; };
		354D33119DF24DA686750778 /* Inter-ExtraBold.ttf in Resources */ = {isa = PBXBuildFile; fileRef = 2AF293AD37F5461C9EA50275 /* Inter-ExtraBold.ttf */; };
		AFD07FDB4012450DA0041D4E /* Inter-ExtraLight.ttf in Resources */ = {isa = PBXBuildFile; fileRef = 2E5154A044F24DD3A0D10DF0 /* Inter-ExtraLight.ttf */; };
		E90ACCA73F5740158D3C5C44 /* Inter-Light.ttf in Resources */ = {isa = PBXBuildFile; fileRef = 4C77AD7E177C4987BFE272D4 /* Inter-Light.ttf */; };
		039364897BD84D4BA6645D43 /* Inter-Medium.ttf in Resources */ = {isa = PBXBuildFile; fileRef = D65A68E58DAF4207AE822960 /* Inter-Medium.ttf */; };
		C19F1E46769C41FD930709B6 /* Inter-Regular.ttf in Resources */ = {isa = PBXBuildFile; fileRef = 92A7D9262B6B400888FD4E15 /* Inter-Regular.ttf */; };
		4F58F0A897034CE882DDFF28 /* Inter-SemiBold.ttf in Resources */ = {isa = PBXBuildFile; fileRef = 700FA385408B432FA57B156C /* Inter-SemiBold.ttf */; };
		39C44C4F65274B13A2CE369D /* Inter-Thin.ttf in Resources */ = {isa = PBXBuildFile; fileRef = DAC95945896B494487C53085 /* Inter-Thin.ttf */; };
		100C09FAEE8D4683AEBE5697 /* AntDesign.ttf in Resources */ = {isa = PBXBuildFile; fileRef = 6561250993B44F41B6CCDF2B /* AntDesign.ttf */; };
		694EA8844C9B42CD8AC74435 /* Entypo.ttf in Resources */ = {isa = PBXBuildFile; fileRef = 1B7CC3E4F61546C8B7FD6BA4 /* Entypo.ttf */; };
		845809FA0CBD4502A0BB26A8 /* EvilIcons.ttf in Resources */ = {isa = PBXBuildFile; fileRef = 111F52E4D6124B268916B17D /* EvilIcons.ttf */; };
		E7AD710DF93A45119F5856F5 /* Feather.ttf in Resources */ = {isa = PBXBuildFile; fileRef = 727726F695F547F28BB765AC /* Feather.ttf */; };
		6BEABC8833304E21922410BA /* FontAwesome.ttf in Resources */ = {isa = PBXBuildFile; fileRef = B6258DFA582F4C6BAF072333 /* FontAwesome.ttf */; };
		8AA0613BF38C4C81BE378A71 /* FontAwesome5_Brands.ttf in Resources */ = {isa = PBXBuildFile; fileRef = A29FD768BBA84905A3FADAAD /* FontAwesome5_Brands.ttf */; };
		BA7FE7FD8F7C44C1A3EFED1F /* FontAwesome5_Regular.ttf in Resources */ = {isa = PBXBuildFile; fileRef = 7E7E04474BAB49C0912A16B7 /* FontAwesome5_Regular.ttf */; };
		E5B177FF3C144FCFB654A359 /* FontAwesome5_Solid.ttf in Resources */ = {isa = PBXBuildFile; fileRef = 7172A5C378B74A6DBDB24F47 /* FontAwesome5_Solid.ttf */; };
		3E7A15B369C2404C9112A1A3 /* Fontisto.ttf in Resources */ = {isa = PBXBuildFile; fileRef = A16E6A04CD524DF9816B2265 /* Fontisto.ttf */; };
		DE0E0C689D8D4F37B8C813A4 /* Foundation.ttf in Resources */ = {isa = PBXBuildFile; fileRef = F804802A5CD0410080B028AC /* Foundation.ttf */; };
		9860E7C6B76D404184F3EF70 /* Ionicons.ttf in Resources */ = {isa = PBXBuildFile; fileRef = C51F0995EA784A72BA51A23B /* Ionicons.ttf */; };
		78401C08E53B4716A412C598 /* MaterialCommunityIcons.ttf in Resources */ = {isa = PBXBuildFile; fileRef = C0B4C73622554DB89F9F5D3F /* MaterialCommunityIcons.ttf */; };
		13FE6579A9DC46C5BCA285C4 /* MaterialIcons.ttf in Resources */ = {isa = PBXBuildFile; fileRef = 5E49A4CE76A446BDA7AA946C /* MaterialIcons.ttf */; };
		83DC289A1FD14FDBA807334A /* Octicons.ttf in Resources */ = {isa = PBXBuildFile; fileRef = DF2F960966A5443C9E958DD4 /* Octicons.ttf */; };
		4B8E46A8014C4D0FBE3C6440 /* SimpleLineIcons.ttf in Resources */ = {isa = PBXBuildFile; fileRef = 96D8A68E0BFE49ACB4156E1E /* SimpleLineIcons.ttf */; };
		3D2911A8038D4FED882558BB /* Zocial.ttf in Resources */ = {isa = PBXBuildFile; fileRef = 6097507E13DD4FAE89EA2FF8 /* Zocial.ttf */; };
		1602B73663854BBEBF994236 /* BakbakOneRegular.woff in Resources */ = {isa = PBXBuildFile; fileRef = 7FBE215F7F0C4F37A4CDBF8B /* BakbakOneRegular.woff */; };
		7D382794CB14428E8192C1CF /* Inter-Black.woff in Resources */ = {isa = PBXBuildFile; fileRef = 5A67C50C959C4B1E9417F9BC /* Inter-Black.woff */; };
		BA152C4D22584B878CE4C7DE /* Inter-BlackItalic.woff in Resources */ = {isa = PBXBuildFile; fileRef = 63D0FF212B2746C999DF2B0B /* Inter-BlackItalic.woff */; };
		B05AC0F35DCD4B969B9C9193 /* Inter-Bold.woff in Resources */ = {isa = PBXBuildFile; fileRef = CE872DE3E99D4CE1B556E23A /* Inter-Bold.woff */; };
		293656EF572C42B8B8C35B50 /* Inter-BoldItalic.woff in Resources */ = {isa = PBXBuildFile; fileRef = 8D4D3F67F29348358EBD7D74 /* Inter-BoldItalic.woff */; };
		EC4168F24C9B4B3595F0FEF0 /* Inter-ExtraBold.woff in Resources */ = {isa = PBXBuildFile; fileRef = 79BAD92B0F294C6B977BF01A /* Inter-ExtraBold.woff */; };
		01D3A97CDE2D4D44B71B32BB /* Inter-ExtraBoldItalic.woff in Resources */ = {isa = PBXBuildFile; fileRef = E140B1E86B5F4FF7822E0A5A /* Inter-ExtraBoldItalic.woff */; };
		359B3DB419B0498CB49EA074 /* Inter-ExtraLight-BETA.woff in Resources */ = {isa = PBXBuildFile; fileRef = 7D706E55B9D14E1FBF62463D /* Inter-ExtraLight-BETA.woff */; };
		00D058840C044C2A966D7649 /* Inter-ExtraLightItalic-BETA.woff in Resources */ = {isa = PBXBuildFile; fileRef = D1B96EC457314CB89FF168E2 /* Inter-ExtraLightItalic-BETA.woff */; };
		130FC00BEFE34E9CB84607A2 /* Inter-Italic.woff in Resources */ = {isa = PBXBuildFile; fileRef = A4145FED12584FC58C8CB790 /* Inter-Italic.woff */; };
		0530AADA04604E18AA3D6D5F /* Inter-Light-BETA.woff in Resources */ = {isa = PBXBuildFile; fileRef = B5961825C42D4D95A91BACB7 /* Inter-Light-BETA.woff */; };
		9C80F893508C40159CD29B9D /* Inter-LightItalic-BETA.woff in Resources */ = {isa = PBXBuildFile; fileRef = 6FE228DD52134BF7BD3B8A59 /* Inter-LightItalic-BETA.woff */; };
		2994915C3B93430E9FA8C193 /* Inter-Medium.woff in Resources */ = {isa = PBXBuildFile; fileRef = 8FD669D6B3E746678B85BBED /* Inter-Medium.woff */; };
		3B12F9E8B59E417CA62DF1CE /* Inter-MediumItalic.woff in Resources */ = {isa = PBXBuildFile; fileRef = 7D0A18EE8C6940C49EEDFBDC /* Inter-MediumItalic.woff */; };
		E93CD3E5974F41AAA4BEBC6F /* Inter-Regular.woff in Resources */ = {isa = PBXBuildFile; fileRef = 4664FF3C1D4E43539FE087B9 /* Inter-Regular.woff */; };
		740F53DE716B4B13A2CB144F /* Inter-SemiBold.woff in Resources */ = {isa = PBXBuildFile; fileRef = 6752AB25ADC44DA4B8E19F83 /* Inter-SemiBold.woff */; };
		8C183C3AA9DC49BA8D61BBB2 /* Inter-SemiBoldItalic.woff in Resources */ = {isa = PBXBuildFile; fileRef = 01FA456A8457410CBDE96C75 /* Inter-SemiBoldItalic.woff */; };
		FA6D7071465C41FEB90D7CD1 /* Inter-Thin-BETA.woff in Resources */ = {isa = PBXBuildFile; fileRef = 53419AEAE9E74DC6AD58EE89 /* Inter-Thin-BETA.woff */; };
		B5B2A25C54FD465C828A4124 /* Inter-ThinItalic-BETA.woff in Resources */ = {isa = PBXBuildFile; fileRef = 9192BE55087B46418852A8F9 /* Inter-ThinItalic-BETA.woff */; };
/* End PBXBuildFile section */

/* Begin PBXContainerItemProxy section */
		00E356F41AD99517003FC87E /* PBXContainerItemProxy */ = {
			isa = PBXContainerItemProxy;
			containerPortal = 83CBB9F71A601CBA00E9B192 /* Project object */;
			proxyType = 1;
			remoteGlobalIDString = 13B07F861A680F5B00A75B9A;
			remoteInfo = yall;
		};
/* End PBXContainerItemProxy section */

/* Begin PBXFileReference section */
		00E356EE1AD99517003FC87E /* yallTests.xctest */ = {isa = PBXFileReference; explicitFileType = wrapper.cfbundle; includeInIndex = 0; path = yallTests.xctest; sourceTree = BUILT_PRODUCTS_DIR; };
		00E356F11AD99517003FC87E /* Info.plist */ = {isa = PBXFileReference; lastKnownFileType = text.plist.xml; path = Info.plist; sourceTree = "<group>"; };
		00E356F21AD99517003FC87E /* yallTests.m */ = {isa = PBXFileReference; lastKnownFileType = sourcecode.c.objc; path = yallTests.m; sourceTree = "<group>"; };
		13B07F961A680F5B00A75B9A /* yall.app */ = {isa = PBXFileReference; explicitFileType = wrapper.application; includeInIndex = 0; path = yall.app; sourceTree = BUILT_PRODUCTS_DIR; };
		13B07FAF1A68108700A75B9A /* AppDelegate.h */ = {isa = PBXFileReference; fileEncoding = 4; lastKnownFileType = sourcecode.c.h; name = AppDelegate.h; path = yall/AppDelegate.h; sourceTree = "<group>"; };
		13B07FB01A68108700A75B9A /* AppDelegate.mm */ = {isa = PBXFileReference; fileEncoding = 4; lastKnownFileType = sourcecode.cpp.objcpp; name = AppDelegate.mm; path = yall/AppDelegate.mm; sourceTree = "<group>"; };
		13B07FB51A68108700A75B9A /* Images.xcassets */ = {isa = PBXFileReference; lastKnownFileType = folder.assetcatalog; name = Images.xcassets; path = yall/Images.xcassets; sourceTree = "<group>"; };
		13B07FB61A68108700A75B9A /* Info.plist */ = {isa = PBXFileReference; fileEncoding = 4; lastKnownFileType = text.plist.xml; name = Info.plist; path = yall/Info.plist; sourceTree = "<group>"; };
		13B07FB71A68108700A75B9A /* main.m */ = {isa = PBXFileReference; fileEncoding = 4; lastKnownFileType = sourcecode.c.objc; name = main.m; path = yall/main.m; sourceTree = "<group>"; };
		19F6CBCC0A4E27FBF8BF4A61 /* libPods-yall-yallTests.a */ = {isa = PBXFileReference; explicitFileType = archive.ar; includeInIndex = 0; path = "libPods-yall-yallTests.a"; sourceTree = BUILT_PRODUCTS_DIR; };
		3B4392A12AC88292D35C810B /* Pods-yall.debug.xcconfig */ = {isa = PBXFileReference; includeInIndex = 1; lastKnownFileType = text.xcconfig; name = "Pods-yall.debug.xcconfig"; path = "Target Support Files/Pods-yall/Pods-yall.debug.xcconfig"; sourceTree = "<group>"; };
		5709B34CF0A7D63546082F79 /* Pods-yall.release.xcconfig */ = {isa = PBXFileReference; includeInIndex = 1; lastKnownFileType = text.xcconfig; name = "Pods-yall.release.xcconfig"; path = "Target Support Files/Pods-yall/Pods-yall.release.xcconfig"; sourceTree = "<group>"; };
		5B7EB9410499542E8C5724F5 /* Pods-yall-yallTests.debug.xcconfig */ = {isa = PBXFileReference; includeInIndex = 1; lastKnownFileType = text.xcconfig; name = "Pods-yall-yallTests.debug.xcconfig"; path = "Target Support Files/Pods-yall-yallTests/Pods-yall-yallTests.debug.xcconfig"; sourceTree = "<group>"; };
		5DCACB8F33CDC322A6C60F78 /* libPods-yall.a */ = {isa = PBXFileReference; explicitFileType = archive.ar; includeInIndex = 0; path = "libPods-yall.a"; sourceTree = BUILT_PRODUCTS_DIR; };
		81AB9BB72411601600AC10FF /* LaunchScreen.storyboard */ = {isa = PBXFileReference; fileEncoding = 4; lastKnownFileType = file.storyboard; name = LaunchScreen.storyboard; path = yall/LaunchScreen.storyboard; sourceTree = "<group>"; };
		89C6BE57DB24E9ADA2F236DE /* Pods-yall-yallTests.release.xcconfig */ = {isa = PBXFileReference; includeInIndex = 1; lastKnownFileType = text.xcconfig; name = "Pods-yall-yallTests.release.xcconfig"; path = "Target Support Files/Pods-yall-yallTests/Pods-yall-yallTests.release.xcconfig"; sourceTree = "<group>"; };
		ED297162215061F000B7C4FE /* JavaScriptCore.framework */ = {isa = PBXFileReference; lastKnownFileType = wrapper.framework; name = JavaScriptCore.framework; path = System/Library/Frameworks/JavaScriptCore.framework; sourceTree = SDKROOT; };
		243A6DF8E76F412F9BC2D66B /* BakbakOne-Regular.ttf */ = {isa = PBXFileReference; name = "BakbakOne-Regular.ttf"; path = "../assets/fonts/BakbakOne-Regular.ttf"; sourceTree = "<group>"; fileEncoding = undefined; lastKnownFileType = unknown; explicitFileType = undefined; includeInIndex = 0; };
		2A87B5F2FCD44B58BCF190F9 /* Inter-Black.ttf */ = {isa = PBXFileReference; name = "Inter-Black.ttf"; path = "../assets/fonts/Inter-Black.ttf"; sourceTree = "<group>"; fileEncoding = undefined; lastKnownFileType = unknown; explicitFileType = undefined; includeInIndex = 0; };
		AEE18A2299D7494D8D986B26 /* Inter-Bold.ttf */ = {isa = PBXFileReference; name = "Inter-Bold.ttf"; path = "../assets/fonts/Inter-Bold.ttf"; sourceTree = "<group>"; fileEncoding = undefined; lastKnownFileType = unknown; explicitFileType = undefined; includeInIndex = 0; };
		2AF293AD37F5461C9EA50275 /* Inter-ExtraBold.ttf */ = {isa = PBXFileReference; name = "Inter-ExtraBold.ttf"; path = "../assets/fonts/Inter-ExtraBold.ttf"; sourceTree = "<group>"; fileEncoding = undefined; lastKnownFileType = unknown; explicitFileType = undefined; includeInIndex = 0; };
		2E5154A044F24DD3A0D10DF0 /* Inter-ExtraLight.ttf */ = {isa = PBXFileReference; name = "Inter-ExtraLight.ttf"; path = "../assets/fonts/Inter-ExtraLight.ttf"; sourceTree = "<group>"; fileEncoding = undefined; lastKnownFileType = unknown; explicitFileType = undefined; includeInIndex = 0; };
		4C77AD7E177C4987BFE272D4 /* Inter-Light.ttf */ = {isa = PBXFileReference; name = "Inter-Light.ttf"; path = "../assets/fonts/Inter-Light.ttf"; sourceTree = "<group>"; fileEncoding = undefined; lastKnownFileType = unknown; explicitFileType = undefined; includeInIndex = 0; };
		D65A68E58DAF4207AE822960 /* Inter-Medium.ttf */ = {isa = PBXFileReference; name = "Inter-Medium.ttf"; path = "../assets/fonts/Inter-Medium.ttf"; sourceTree = "<group>"; fileEncoding = undefined; lastKnownFileType = unknown; explicitFileType = undefined; includeInIndex = 0; };
		92A7D9262B6B400888FD4E15 /* Inter-Regular.ttf */ = {isa = PBXFileReference; name = "Inter-Regular.ttf"; path = "../assets/fonts/Inter-Regular.ttf"; sourceTree = "<group>"; fileEncoding = undefined; lastKnownFileType = unknown; explicitFileType = undefined; includeInIndex = 0; };
		700FA385408B432FA57B156C /* Inter-SemiBold.ttf */ = {isa = PBXFileReference; name = "Inter-SemiBold.ttf"; path = "../assets/fonts/Inter-SemiBold.ttf"; sourceTree = "<group>"; fileEncoding = undefined; lastKnownFileType = unknown; explicitFileType = undefined; includeInIndex = 0; };
		DAC95945896B494487C53085 /* Inter-Thin.ttf */ = {isa = PBXFileReference; name = "Inter-Thin.ttf"; path = "../assets/fonts/Inter-Thin.ttf"; sourceTree = "<group>"; fileEncoding = undefined; lastKnownFileType = unknown; explicitFileType = undefined; includeInIndex = 0; };
		6561250993B44F41B6CCDF2B /* AntDesign.ttf */ = {isa = PBXFileReference; name = "AntDesign.ttf"; path = "../node_modules/react-native-vector-icons/Fonts/AntDesign.ttf"; sourceTree = "<group>"; fileEncoding = undefined; lastKnownFileType = unknown; explicitFileType = undefined; includeInIndex = 0; };
		1B7CC3E4F61546C8B7FD6BA4 /* Entypo.ttf */ = {isa = PBXFileReference; name = "Entypo.ttf"; path = "../node_modules/react-native-vector-icons/Fonts/Entypo.ttf"; sourceTree = "<group>"; fileEncoding = undefined; lastKnownFileType = unknown; explicitFileType = undefined; includeInIndex = 0; };
		111F52E4D6124B268916B17D /* EvilIcons.ttf */ = {isa = PBXFileReference; name = "EvilIcons.ttf"; path = "../node_modules/react-native-vector-icons/Fonts/EvilIcons.ttf"; sourceTree = "<group>"; fileEncoding = undefined; lastKnownFileType = unknown; explicitFileType = undefined; includeInIndex = 0; };
		727726F695F547F28BB765AC /* Feather.ttf */ = {isa = PBXFileReference; name = "Feather.ttf"; path = "../node_modules/react-native-vector-icons/Fonts/Feather.ttf"; sourceTree = "<group>"; fileEncoding = undefined; lastKnownFileType = unknown; explicitFileType = undefined; includeInIndex = 0; };
		B6258DFA582F4C6BAF072333 /* FontAwesome.ttf */ = {isa = PBXFileReference; name = "FontAwesome.ttf"; path = "../node_modules/react-native-vector-icons/Fonts/FontAwesome.ttf"; sourceTree = "<group>"; fileEncoding = undefined; lastKnownFileType = unknown; explicitFileType = undefined; includeInIndex = 0; };
		A29FD768BBA84905A3FADAAD /* FontAwesome5_Brands.ttf */ = {isa = PBXFileReference; name = "FontAwesome5_Brands.ttf"; path = "../node_modules/react-native-vector-icons/Fonts/FontAwesome5_Brands.ttf"; sourceTree = "<group>"; fileEncoding = undefined; lastKnownFileType = unknown; explicitFileType = undefined; includeInIndex = 0; };
		7E7E04474BAB49C0912A16B7 /* FontAwesome5_Regular.ttf */ = {isa = PBXFileReference; name = "FontAwesome5_Regular.ttf"; path = "../node_modules/react-native-vector-icons/Fonts/FontAwesome5_Regular.ttf"; sourceTree = "<group>"; fileEncoding = undefined; lastKnownFileType = unknown; explicitFileType = undefined; includeInIndex = 0; };
		7172A5C378B74A6DBDB24F47 /* FontAwesome5_Solid.ttf */ = {isa = PBXFileReference; name = "FontAwesome5_Solid.ttf"; path = "../node_modules/react-native-vector-icons/Fonts/FontAwesome5_Solid.ttf"; sourceTree = "<group>"; fileEncoding = undefined; lastKnownFileType = unknown; explicitFileType = undefined; includeInIndex = 0; };
		A16E6A04CD524DF9816B2265 /* Fontisto.ttf */ = {isa = PBXFileReference; name = "Fontisto.ttf"; path = "../node_modules/react-native-vector-icons/Fonts/Fontisto.ttf"; sourceTree = "<group>"; fileEncoding = undefined; lastKnownFileType = unknown; explicitFileType = undefined; includeInIndex = 0; };
		F804802A5CD0410080B028AC /* Foundation.ttf */ = {isa = PBXFileReference; name = "Foundation.ttf"; path = "../node_modules/react-native-vector-icons/Fonts/Foundation.ttf"; sourceTree = "<group>"; fileEncoding = undefined; lastKnownFileType = unknown; explicitFileType = undefined; includeInIndex = 0; };
		C51F0995EA784A72BA51A23B /* Ionicons.ttf */ = {isa = PBXFileReference; name = "Ionicons.ttf"; path = "../node_modules/react-native-vector-icons/Fonts/Ionicons.ttf"; sourceTree = "<group>"; fileEncoding = undefined; lastKnownFileType = unknown; explicitFileType = undefined; includeInIndex = 0; };
		C0B4C73622554DB89F9F5D3F /* MaterialCommunityIcons.ttf */ = {isa = PBXFileReference; name = "MaterialCommunityIcons.ttf"; path = "../node_modules/react-native-vector-icons/Fonts/MaterialCommunityIcons.ttf"; sourceTree = "<group>"; fileEncoding = undefined; lastKnownFileType = unknown; explicitFileType = undefined; includeInIndex = 0; };
		5E49A4CE76A446BDA7AA946C /* MaterialIcons.ttf */ = {isa = PBXFileReference; name = "MaterialIcons.ttf"; path = "../node_modules/react-native-vector-icons/Fonts/MaterialIcons.ttf"; sourceTree = "<group>"; fileEncoding = undefined; lastKnownFileType = unknown; explicitFileType = undefined; includeInIndex = 0; };
		DF2F960966A5443C9E958DD4 /* Octicons.ttf */ = {isa = PBXFileReference; name = "Octicons.ttf"; path = "../node_modules/react-native-vector-icons/Fonts/Octicons.ttf"; sourceTree = "<group>"; fileEncoding = undefined; lastKnownFileType = unknown; explicitFileType = undefined; includeInIndex = 0; };
		96D8A68E0BFE49ACB4156E1E /* SimpleLineIcons.ttf */ = {isa = PBXFileReference; name = "SimpleLineIcons.ttf"; path = "../node_modules/react-native-vector-icons/Fonts/SimpleLineIcons.ttf"; sourceTree = "<group>"; fileEncoding = undefined; lastKnownFileType = unknown; explicitFileType = undefined; includeInIndex = 0; };
		6097507E13DD4FAE89EA2FF8 /* Zocial.ttf */ = {isa = PBXFileReference; name = "Zocial.ttf"; path = "../node_modules/react-native-vector-icons/Fonts/Zocial.ttf"; sourceTree = "<group>"; fileEncoding = undefined; lastKnownFileType = unknown; explicitFileType = undefined; includeInIndex = 0; };
		7FBE215F7F0C4F37A4CDBF8B /* BakbakOneRegular.woff */ = {isa = PBXFileReference; name = "BakbakOneRegular.woff"; path = "../assets/fonts/BakbakOneRegular.woff"; sourceTree = "<group>"; fileEncoding = undefined; lastKnownFileType = unknown; explicitFileType = undefined; includeInIndex = 0; };
		5A67C50C959C4B1E9417F9BC /* Inter-Black.woff */ = {isa = PBXFileReference; name = "Inter-Black.woff"; path = "../assets/fonts/Inter-Black.woff"; sourceTree = "<group>"; fileEncoding = undefined; lastKnownFileType = unknown; explicitFileType = undefined; includeInIndex = 0; };
		63D0FF212B2746C999DF2B0B /* Inter-BlackItalic.woff */ = {isa = PBXFileReference; name = "Inter-BlackItalic.woff"; path = "../assets/fonts/Inter-BlackItalic.woff"; sourceTree = "<group>"; fileEncoding = undefined; lastKnownFileType = unknown; explicitFileType = undefined; includeInIndex = 0; };
		CE872DE3E99D4CE1B556E23A /* Inter-Bold.woff */ = {isa = PBXFileReference; name = "Inter-Bold.woff"; path = "../assets/fonts/Inter-Bold.woff"; sourceTree = "<group>"; fileEncoding = undefined; lastKnownFileType = unknown; explicitFileType = undefined; includeInIndex = 0; };
		8D4D3F67F29348358EBD7D74 /* Inter-BoldItalic.woff */ = {isa = PBXFileReference; name = "Inter-BoldItalic.woff"; path = "../assets/fonts/Inter-BoldItalic.woff"; sourceTree = "<group>"; fileEncoding = undefined; lastKnownFileType = unknown; explicitFileType = undefined; includeInIndex = 0; };
		79BAD92B0F294C6B977BF01A /* Inter-ExtraBold.woff */ = {isa = PBXFileReference; name = "Inter-ExtraBold.woff"; path = "../assets/fonts/Inter-ExtraBold.woff"; sourceTree = "<group>"; fileEncoding = undefined; lastKnownFileType = unknown; explicitFileType = undefined; includeInIndex = 0; };
		E140B1E86B5F4FF7822E0A5A /* Inter-ExtraBoldItalic.woff */ = {isa = PBXFileReference; name = "Inter-ExtraBoldItalic.woff"; path = "../assets/fonts/Inter-ExtraBoldItalic.woff"; sourceTree = "<group>"; fileEncoding = undefined; lastKnownFileType = unknown; explicitFileType = undefined; includeInIndex = 0; };
		7D706E55B9D14E1FBF62463D /* Inter-ExtraLight-BETA.woff */ = {isa = PBXFileReference; name = "Inter-ExtraLight-BETA.woff"; path = "../assets/fonts/Inter-ExtraLight-BETA.woff"; sourceTree = "<group>"; fileEncoding = undefined; lastKnownFileType = unknown; explicitFileType = undefined; includeInIndex = 0; };
		D1B96EC457314CB89FF168E2 /* Inter-ExtraLightItalic-BETA.woff */ = {isa = PBXFileReference; name = "Inter-ExtraLightItalic-BETA.woff"; path = "../assets/fonts/Inter-ExtraLightItalic-BETA.woff"; sourceTree = "<group>"; fileEncoding = undefined; lastKnownFileType = unknown; explicitFileType = undefined; includeInIndex = 0; };
		A4145FED12584FC58C8CB790 /* Inter-Italic.woff */ = {isa = PBXFileReference; name = "Inter-Italic.woff"; path = "../assets/fonts/Inter-Italic.woff"; sourceTree = "<group>"; fileEncoding = undefined; lastKnownFileType = unknown; explicitFileType = undefined; includeInIndex = 0; };
		B5961825C42D4D95A91BACB7 /* Inter-Light-BETA.woff */ = {isa = PBXFileReference; name = "Inter-Light-BETA.woff"; path = "../assets/fonts/Inter-Light-BETA.woff"; sourceTree = "<group>"; fileEncoding = undefined; lastKnownFileType = unknown; explicitFileType = undefined; includeInIndex = 0; };
		6FE228DD52134BF7BD3B8A59 /* Inter-LightItalic-BETA.woff */ = {isa = PBXFileReference; name = "Inter-LightItalic-BETA.woff"; path = "../assets/fonts/Inter-LightItalic-BETA.woff"; sourceTree = "<group>"; fileEncoding = undefined; lastKnownFileType = unknown; explicitFileType = undefined; includeInIndex = 0; };
		8FD669D6B3E746678B85BBED /* Inter-Medium.woff */ = {isa = PBXFileReference; name = "Inter-Medium.woff"; path = "../assets/fonts/Inter-Medium.woff"; sourceTree = "<group>"; fileEncoding = undefined; lastKnownFileType = unknown; explicitFileType = undefined; includeInIndex = 0; };
		7D0A18EE8C6940C49EEDFBDC /* Inter-MediumItalic.woff */ = {isa = PBXFileReference; name = "Inter-MediumItalic.woff"; path = "../assets/fonts/Inter-MediumItalic.woff"; sourceTree = "<group>"; fileEncoding = undefined; lastKnownFileType = unknown; explicitFileType = undefined; includeInIndex = 0; };
		4664FF3C1D4E43539FE087B9 /* Inter-Regular.woff */ = {isa = PBXFileReference; name = "Inter-Regular.woff"; path = "../assets/fonts/Inter-Regular.woff"; sourceTree = "<group>"; fileEncoding = undefined; lastKnownFileType = unknown; explicitFileType = undefined; includeInIndex = 0; };
		6752AB25ADC44DA4B8E19F83 /* Inter-SemiBold.woff */ = {isa = PBXFileReference; name = "Inter-SemiBold.woff"; path = "../assets/fonts/Inter-SemiBold.woff"; sourceTree = "<group>"; fileEncoding = undefined; lastKnownFileType = unknown; explicitFileType = undefined; includeInIndex = 0; };
		01FA456A8457410CBDE96C75 /* Inter-SemiBoldItalic.woff */ = {isa = PBXFileReference; name = "Inter-SemiBoldItalic.woff"; path = "../assets/fonts/Inter-SemiBoldItalic.woff"; sourceTree = "<group>"; fileEncoding = undefined; lastKnownFileType = unknown; explicitFileType = undefined; includeInIndex = 0; };
		53419AEAE9E74DC6AD58EE89 /* Inter-Thin-BETA.woff */ = {isa = PBXFileReference; name = "Inter-Thin-BETA.woff"; path = "../assets/fonts/Inter-Thin-BETA.woff"; sourceTree = "<group>"; fileEncoding = undefined; lastKnownFileType = unknown; explicitFileType = undefined; includeInIndex = 0; };
		9192BE55087B46418852A8F9 /* Inter-ThinItalic-BETA.woff */ = {isa = PBXFileReference; name = "Inter-ThinItalic-BETA.woff"; path = "../assets/fonts/Inter-ThinItalic-BETA.woff"; sourceTree = "<group>"; fileEncoding = undefined; lastKnownFileType = unknown; explicitFileType = undefined; includeInIndex = 0; };
/* End PBXFileReference section */

/* Begin PBXFrameworksBuildPhase section */
		00E356EB1AD99517003FC87E /* Frameworks */ = {
			isa = PBXFrameworksBuildPhase;
			buildActionMask = 2147483647;
			files = (
				7699B88040F8A987B510C191 /* libPods-yall-yallTests.a in Frameworks */,
			);
			runOnlyForDeploymentPostprocessing = 0;
		};
		13B07F8C1A680F5B00A75B9A /* Frameworks */ = {
			isa = PBXFrameworksBuildPhase;
			buildActionMask = 2147483647;
			files = (
				0C80B921A6F3F58F76C31292 /* libPods-yall.a in Frameworks */,
			);
			runOnlyForDeploymentPostprocessing = 0;
		};
/* End PBXFrameworksBuildPhase section */

/* Begin PBXGroup section */
		00E356EF1AD99517003FC87E /* yallTests */ = {
			isa = PBXGroup;
			children = (
				00E356F21AD99517003FC87E /* yallTests.m */,
				00E356F01AD99517003FC87E /* Supporting Files */,
			);
			path = yallTests;
			sourceTree = "<group>";
		};
		00E356F01AD99517003FC87E /* Supporting Files */ = {
			isa = PBXGroup;
			children = (
				00E356F11AD99517003FC87E /* Info.plist */,
			);
			name = "Supporting Files";
			sourceTree = "<group>";
		};
		13B07FAE1A68108700A75B9A /* yall */ = {
			isa = PBXGroup;
			children = (
				13B07FAF1A68108700A75B9A /* AppDelegate.h */,
				13B07FB01A68108700A75B9A /* AppDelegate.mm */,
				13B07FB51A68108700A75B9A /* Images.xcassets */,
				13B07FB61A68108700A75B9A /* Info.plist */,
				81AB9BB72411601600AC10FF /* LaunchScreen.storyboard */,
				13B07FB71A68108700A75B9A /* main.m */,
			);
			name = yall;
			sourceTree = "<group>";
		};
		2D16E6871FA4F8E400B85C8A /* Frameworks */ = {
			isa = PBXGroup;
			children = (
				ED297162215061F000B7C4FE /* JavaScriptCore.framework */,
				5DCACB8F33CDC322A6C60F78 /* libPods-yall.a */,
				19F6CBCC0A4E27FBF8BF4A61 /* libPods-yall-yallTests.a */,
			);
			name = Frameworks;
			sourceTree = "<group>";
		};
		832341AE1AAA6A7D00B99B32 /* Libraries */ = {
			isa = PBXGroup;
			children = (
			);
			name = Libraries;
			sourceTree = "<group>";
		};
		83CBB9F61A601CBA00E9B192 = {
			isa = PBXGroup;
			children = (
				13B07FAE1A68108700A75B9A /* yall */,
				832341AE1AAA6A7D00B99B32 /* Libraries */,
				00E356EF1AD99517003FC87E /* yallTests */,
				83CBBA001A601CBA00E9B192 /* Products */,
				2D16E6871FA4F8E400B85C8A /* Frameworks */,
				BBD78D7AC51CEA395F1C20DB /* Pods */,
				506AA206E609426380A90ED0 /* Resources */,
			);
			indentWidth = 2;
			sourceTree = "<group>";
			tabWidth = 2;
			usesTabs = 0;
		};
		83CBBA001A601CBA00E9B192 /* Products */ = {
			isa = PBXGroup;
			children = (
				13B07F961A680F5B00A75B9A /* yall.app */,
				00E356EE1AD99517003FC87E /* yallTests.xctest */,
			);
			name = Products;
			sourceTree = "<group>";
		};
		BBD78D7AC51CEA395F1C20DB /* Pods */ = {
			isa = PBXGroup;
			children = (
				3B4392A12AC88292D35C810B /* Pods-yall.debug.xcconfig */,
				5709B34CF0A7D63546082F79 /* Pods-yall.release.xcconfig */,
				5B7EB9410499542E8C5724F5 /* Pods-yall-yallTests.debug.xcconfig */,
				89C6BE57DB24E9ADA2F236DE /* Pods-yall-yallTests.release.xcconfig */,
			);
			path = Pods;
			sourceTree = "<group>";
		};
		506AA206E609426380A90ED0 /* Resources */ = {
			isa = "PBXGroup";
			children = (
				243A6DF8E76F412F9BC2D66B /* BakbakOne-Regular.ttf */,
				2A87B5F2FCD44B58BCF190F9 /* Inter-Black.ttf */,
				AEE18A2299D7494D8D986B26 /* Inter-Bold.ttf */,
				2AF293AD37F5461C9EA50275 /* Inter-ExtraBold.ttf */,
				2E5154A044F24DD3A0D10DF0 /* Inter-ExtraLight.ttf */,
				4C77AD7E177C4987BFE272D4 /* Inter-Light.ttf */,
				D65A68E58DAF4207AE822960 /* Inter-Medium.ttf */,
				92A7D9262B6B400888FD4E15 /* Inter-Regular.ttf */,
				700FA385408B432FA57B156C /* Inter-SemiBold.ttf */,
				DAC95945896B494487C53085 /* Inter-Thin.ttf */,
				6561250993B44F41B6CCDF2B /* AntDesign.ttf */,
				1B7CC3E4F61546C8B7FD6BA4 /* Entypo.ttf */,
				111F52E4D6124B268916B17D /* EvilIcons.ttf */,
				727726F695F547F28BB765AC /* Feather.ttf */,
				B6258DFA582F4C6BAF072333 /* FontAwesome.ttf */,
				A29FD768BBA84905A3FADAAD /* FontAwesome5_Brands.ttf */,
				7E7E04474BAB49C0912A16B7 /* FontAwesome5_Regular.ttf */,
				7172A5C378B74A6DBDB24F47 /* FontAwesome5_Solid.ttf */,
				A16E6A04CD524DF9816B2265 /* Fontisto.ttf */,
				F804802A5CD0410080B028AC /* Foundation.ttf */,
				C51F0995EA784A72BA51A23B /* Ionicons.ttf */,
				C0B4C73622554DB89F9F5D3F /* MaterialCommunityIcons.ttf */,
				5E49A4CE76A446BDA7AA946C /* MaterialIcons.ttf */,
				DF2F960966A5443C9E958DD4 /* Octicons.ttf */,
				96D8A68E0BFE49ACB4156E1E /* SimpleLineIcons.ttf */,
				6097507E13DD4FAE89EA2FF8 /* Zocial.ttf */,
				7FBE215F7F0C4F37A4CDBF8B /* BakbakOneRegular.woff */,
				5A67C50C959C4B1E9417F9BC /* Inter-Black.woff */,
				63D0FF212B2746C999DF2B0B /* Inter-BlackItalic.woff */,
				CE872DE3E99D4CE1B556E23A /* Inter-Bold.woff */,
				8D4D3F67F29348358EBD7D74 /* Inter-BoldItalic.woff */,
				79BAD92B0F294C6B977BF01A /* Inter-ExtraBold.woff */,
				E140B1E86B5F4FF7822E0A5A /* Inter-ExtraBoldItalic.woff */,
				7D706E55B9D14E1FBF62463D /* Inter-ExtraLight-BETA.woff */,
				D1B96EC457314CB89FF168E2 /* Inter-ExtraLightItalic-BETA.woff */,
				A4145FED12584FC58C8CB790 /* Inter-Italic.woff */,
				B5961825C42D4D95A91BACB7 /* Inter-Light-BETA.woff */,
				6FE228DD52134BF7BD3B8A59 /* Inter-LightItalic-BETA.woff */,
				8FD669D6B3E746678B85BBED /* Inter-Medium.woff */,
				7D0A18EE8C6940C49EEDFBDC /* Inter-MediumItalic.woff */,
				4664FF3C1D4E43539FE087B9 /* Inter-Regular.woff */,
				6752AB25ADC44DA4B8E19F83 /* Inter-SemiBold.woff */,
				01FA456A8457410CBDE96C75 /* Inter-SemiBoldItalic.woff */,
				53419AEAE9E74DC6AD58EE89 /* Inter-Thin-BETA.woff */,
				9192BE55087B46418852A8F9 /* Inter-ThinItalic-BETA.woff */,
			);
			name = Resources;
			sourceTree = "<group>";
			path = "";
		};
/* End PBXGroup section */

/* Begin PBXNativeTarget section */
		00E356ED1AD99517003FC87E /* yallTests */ = {
			isa = PBXNativeTarget;
			buildConfigurationList = 00E357021AD99517003FC87E /* Build configuration list for PBXNativeTarget "yallTests" */;
			buildPhases = (
				A55EABD7B0C7F3A422A6CC61 /* [CP] Check Pods Manifest.lock */,
				00E356EA1AD99517003FC87E /* Sources */,
				00E356EB1AD99517003FC87E /* Frameworks */,
				00E356EC1AD99517003FC87E /* Resources */,
				C59DA0FBD6956966B86A3779 /* [CP] Embed Pods Frameworks */,
				F6A41C54EA430FDDC6A6ED99 /* [CP] Copy Pods Resources */,
			);
			buildRules = (
			);
			dependencies = (
				00E356F51AD99517003FC87E /* PBXTargetDependency */,
			);
			name = yallTests;
			productName = yallTests;
			productReference = 00E356EE1AD99517003FC87E /* yallTests.xctest */;
			productType = "com.apple.product-type.bundle.unit-test";
		};
		13B07F861A680F5B00A75B9A /* yall */ = {
			isa = PBXNativeTarget;
			buildConfigurationList = 13B07F931A680F5B00A75B9A /* Build configuration list for PBXNativeTarget "yall" */;
			buildPhases = (
				C38B50BA6285516D6DCD4F65 /* [CP] Check Pods Manifest.lock */,
				FD10A7F022414F080027D42C /* Start Packager */,
				13B07F871A680F5B00A75B9A /* Sources */,
				13B07F8C1A680F5B00A75B9A /* Frameworks */,
				13B07F8E1A680F5B00A75B9A /* Resources */,
				00DD1BFF1BD5951E006B06BC /* Bundle React Native code and images */,
				00EEFC60759A1932668264C0 /* [CP] Embed Pods Frameworks */,
				E235C05ADACE081382539298 /* [CP] Copy Pods Resources */,
			);
			buildRules = (
			);
			dependencies = (
			);
			name = yall;
			productName = yall;
			productReference = 13B07F961A680F5B00A75B9A /* yall.app */;
			productType = "com.apple.product-type.application";
		};
/* End PBXNativeTarget section */

/* Begin PBXProject section */
		83CBB9F71A601CBA00E9B192 /* Project object */ = {
			isa = PBXProject;
			attributes = {
				LastUpgradeCheck = 1210;
				TargetAttributes = {
					00E356ED1AD99517003FC87E = {
						CreatedOnToolsVersion = 6.2;
						TestTargetID = 13B07F861A680F5B00A75B9A;
					};
					13B07F861A680F5B00A75B9A = {
						LastSwiftMigration = 1120;
					};
				};
			};
			buildConfigurationList = 83CBB9FA1A601CBA00E9B192 /* Build configuration list for PBXProject "yall" */;
			compatibilityVersion = "Xcode 12.0";
			developmentRegion = en;
			hasScannedForEncodings = 0;
			knownRegions = (
				en,
				Base,
			);
			mainGroup = 83CBB9F61A601CBA00E9B192;
			productRefGroup = 83CBBA001A601CBA00E9B192 /* Products */;
			projectDirPath = "";
			projectRoot = "";
			targets = (
				13B07F861A680F5B00A75B9A /* yall */,
				00E356ED1AD99517003FC87E /* yallTests */,
			);
		};
/* End PBXProject section */

/* Begin PBXResourcesBuildPhase section */
		00E356EC1AD99517003FC87E /* Resources */ = {
			isa = PBXResourcesBuildPhase;
			buildActionMask = 2147483647;
			files = (
			);
			runOnlyForDeploymentPostprocessing = 0;
		};
		13B07F8E1A680F5B00A75B9A /* Resources */ = {
			isa = PBXResourcesBuildPhase;
			buildActionMask = 2147483647;
			files = (
				81AB9BB82411601600AC10FF /* LaunchScreen.storyboard in Resources */,
				13B07FBF1A68108700A75B9A /* Images.xcassets in Resources */,
				65034D11599E4AA39B2A15EB /* BakbakOne-Regular.ttf in Resources */,
				52EDA42F7F164D548B9EC18E /* Inter-Black.ttf in Resources */,
				95DDDAE6584A49F294493CC2 /* Inter-Bold.ttf in Resources */,
				354D33119DF24DA686750778 /* Inter-ExtraBold.ttf in Resources */,
				AFD07FDB4012450DA0041D4E /* Inter-ExtraLight.ttf in Resources */,
				E90ACCA73F5740158D3C5C44 /* Inter-Light.ttf in Resources */,
				039364897BD84D4BA6645D43 /* Inter-Medium.ttf in Resources */,
				C19F1E46769C41FD930709B6 /* Inter-Regular.ttf in Resources */,
				4F58F0A897034CE882DDFF28 /* Inter-SemiBold.ttf in Resources */,
				39C44C4F65274B13A2CE369D /* Inter-Thin.ttf in Resources */,
				100C09FAEE8D4683AEBE5697 /* AntDesign.ttf in Resources */,
				694EA8844C9B42CD8AC74435 /* Entypo.ttf in Resources */,
				845809FA0CBD4502A0BB26A8 /* EvilIcons.ttf in Resources */,
				E7AD710DF93A45119F5856F5 /* Feather.ttf in Resources */,
				6BEABC8833304E21922410BA /* FontAwesome.ttf in Resources */,
				8AA0613BF38C4C81BE378A71 /* FontAwesome5_Brands.ttf in Resources */,
				BA7FE7FD8F7C44C1A3EFED1F /* FontAwesome5_Regular.ttf in Resources */,
				E5B177FF3C144FCFB654A359 /* FontAwesome5_Solid.ttf in Resources */,
				3E7A15B369C2404C9112A1A3 /* Fontisto.ttf in Resources */,
				DE0E0C689D8D4F37B8C813A4 /* Foundation.ttf in Resources */,
				9860E7C6B76D404184F3EF70 /* Ionicons.ttf in Resources */,
				78401C08E53B4716A412C598 /* MaterialCommunityIcons.ttf in Resources */,
				13FE6579A9DC46C5BCA285C4 /* MaterialIcons.ttf in Resources */,
				83DC289A1FD14FDBA807334A /* Octicons.ttf in Resources */,
				4B8E46A8014C4D0FBE3C6440 /* SimpleLineIcons.ttf in Resources */,
				3D2911A8038D4FED882558BB /* Zocial.ttf in Resources */,
				1602B73663854BBEBF994236 /* BakbakOneRegular.woff in Resources */,
				7D382794CB14428E8192C1CF /* Inter-Black.woff in Resources */,
				BA152C4D22584B878CE4C7DE /* Inter-BlackItalic.woff in Resources */,
				B05AC0F35DCD4B969B9C9193 /* Inter-Bold.woff in Resources */,
				293656EF572C42B8B8C35B50 /* Inter-BoldItalic.woff in Resources */,
				EC4168F24C9B4B3595F0FEF0 /* Inter-ExtraBold.woff in Resources */,
				01D3A97CDE2D4D44B71B32BB /* Inter-ExtraBoldItalic.woff in Resources */,
				359B3DB419B0498CB49EA074 /* Inter-ExtraLight-BETA.woff in Resources */,
				00D058840C044C2A966D7649 /* Inter-ExtraLightItalic-BETA.woff in Resources */,
				130FC00BEFE34E9CB84607A2 /* Inter-Italic.woff in Resources */,
				0530AADA04604E18AA3D6D5F /* Inter-Light-BETA.woff in Resources */,
				9C80F893508C40159CD29B9D /* Inter-LightItalic-BETA.woff in Resources */,
				2994915C3B93430E9FA8C193 /* Inter-Medium.woff in Resources */,
				3B12F9E8B59E417CA62DF1CE /* Inter-MediumItalic.woff in Resources */,
				E93CD3E5974F41AAA4BEBC6F /* Inter-Regular.woff in Resources */,
				740F53DE716B4B13A2CB144F /* Inter-SemiBold.woff in Resources */,
				8C183C3AA9DC49BA8D61BBB2 /* Inter-SemiBoldItalic.woff in Resources */,
				FA6D7071465C41FEB90D7CD1 /* Inter-Thin-BETA.woff in Resources */,
				B5B2A25C54FD465C828A4124 /* Inter-ThinItalic-BETA.woff in Resources */,
			);
			runOnlyForDeploymentPostprocessing = 0;
		};
/* End PBXResourcesBuildPhase section */

/* Begin PBXShellScriptBuildPhase section */
		00DD1BFF1BD5951E006B06BC /* Bundle React Native code and images */ = {
			isa = PBXShellScriptBuildPhase;
			buildActionMask = 2147483647;
			files = (
			);
			inputPaths = (
			);
			name = "Bundle React Native code and images";
			outputPaths = (
			);
			runOnlyForDeploymentPostprocessing = 0;
			shellPath = /bin/sh;
			shellScript = "set -e\n\nexport NODE_BINARY=node\n../node_modules/react-native/scripts/react-native-xcode.sh\n";
		};
		00EEFC60759A1932668264C0 /* [CP] Embed Pods Frameworks */ = {
			isa = PBXShellScriptBuildPhase;
			buildActionMask = 2147483647;
			files = (
			);
			inputFileListPaths = (
				"${PODS_ROOT}/Target Support Files/Pods-yall/Pods-yall-frameworks-${CONFIGURATION}-input-files.xcfilelist",
			);
			name = "[CP] Embed Pods Frameworks";
			outputFileListPaths = (
				"${PODS_ROOT}/Target Support Files/Pods-yall/Pods-yall-frameworks-${CONFIGURATION}-output-files.xcfilelist",
			);
			runOnlyForDeploymentPostprocessing = 0;
			shellPath = /bin/sh;
			shellScript = "\"${PODS_ROOT}/Target Support Files/Pods-yall/Pods-yall-frameworks.sh\"\n";
			showEnvVarsInLog = 0;
		};
		A55EABD7B0C7F3A422A6CC61 /* [CP] Check Pods Manifest.lock */ = {
			isa = PBXShellScriptBuildPhase;
			buildActionMask = 2147483647;
			files = (
			);
			inputFileListPaths = (
			);
			inputPaths = (
				"${PODS_PODFILE_DIR_PATH}/Podfile.lock",
				"${PODS_ROOT}/Manifest.lock",
			);
			name = "[CP] Check Pods Manifest.lock";
			outputFileListPaths = (
			);
			outputPaths = (
				"$(DERIVED_FILE_DIR)/Pods-yall-yallTests-checkManifestLockResult.txt",
			);
			runOnlyForDeploymentPostprocessing = 0;
			shellPath = /bin/sh;
			shellScript = "diff \"${PODS_PODFILE_DIR_PATH}/Podfile.lock\" \"${PODS_ROOT}/Manifest.lock\" > /dev/null\nif [ $? != 0 ] ; then\n    # print error to STDERR\n    echo \"error: The sandbox is not in sync with the Podfile.lock. Run 'pod install' or update your CocoaPods installation.\" >&2\n    exit 1\nfi\n# This output is used by Xcode 'outputs' to avoid re-running this script phase.\necho \"SUCCESS\" > \"${SCRIPT_OUTPUT_FILE_0}\"\n";
			showEnvVarsInLog = 0;
		};
		C38B50BA6285516D6DCD4F65 /* [CP] Check Pods Manifest.lock */ = {
			isa = PBXShellScriptBuildPhase;
			buildActionMask = 2147483647;
			files = (
			);
			inputFileListPaths = (
			);
			inputPaths = (
				"${PODS_PODFILE_DIR_PATH}/Podfile.lock",
				"${PODS_ROOT}/Manifest.lock",
			);
			name = "[CP] Check Pods Manifest.lock";
			outputFileListPaths = (
			);
			outputPaths = (
				"$(DERIVED_FILE_DIR)/Pods-yall-checkManifestLockResult.txt",
			);
			runOnlyForDeploymentPostprocessing = 0;
			shellPath = /bin/sh;
			shellScript = "diff \"${PODS_PODFILE_DIR_PATH}/Podfile.lock\" \"${PODS_ROOT}/Manifest.lock\" > /dev/null\nif [ $? != 0 ] ; then\n    # print error to STDERR\n    echo \"error: The sandbox is not in sync with the Podfile.lock. Run 'pod install' or update your CocoaPods installation.\" >&2\n    exit 1\nfi\n# This output is used by Xcode 'outputs' to avoid re-running this script phase.\necho \"SUCCESS\" > \"${SCRIPT_OUTPUT_FILE_0}\"\n";
			showEnvVarsInLog = 0;
		};
		C59DA0FBD6956966B86A3779 /* [CP] Embed Pods Frameworks */ = {
			isa = PBXShellScriptBuildPhase;
			buildActionMask = 2147483647;
			files = (
			);
			inputFileListPaths = (
				"${PODS_ROOT}/Target Support Files/Pods-yall-yallTests/Pods-yall-yallTests-frameworks-${CONFIGURATION}-input-files.xcfilelist",
			);
			name = "[CP] Embed Pods Frameworks";
			outputFileListPaths = (
				"${PODS_ROOT}/Target Support Files/Pods-yall-yallTests/Pods-yall-yallTests-frameworks-${CONFIGURATION}-output-files.xcfilelist",
			);
			runOnlyForDeploymentPostprocessing = 0;
			shellPath = /bin/sh;
			shellScript = "\"${PODS_ROOT}/Target Support Files/Pods-yall-yallTests/Pods-yall-yallTests-frameworks.sh\"\n";
			showEnvVarsInLog = 0;
		};
		E235C05ADACE081382539298 /* [CP] Copy Pods Resources */ = {
			isa = PBXShellScriptBuildPhase;
			buildActionMask = 2147483647;
			files = (
			);
			inputFileListPaths = (
				"${PODS_ROOT}/Target Support Files/Pods-yall/Pods-yall-resources-${CONFIGURATION}-input-files.xcfilelist",
			);
			name = "[CP] Copy Pods Resources";
			outputFileListPaths = (
				"${PODS_ROOT}/Target Support Files/Pods-yall/Pods-yall-resources-${CONFIGURATION}-output-files.xcfilelist",
			);
			runOnlyForDeploymentPostprocessing = 0;
			shellPath = /bin/sh;
			shellScript = "\"${PODS_ROOT}/Target Support Files/Pods-yall/Pods-yall-resources.sh\"\n";
			showEnvVarsInLog = 0;
		};
		F6A41C54EA430FDDC6A6ED99 /* [CP] Copy Pods Resources */ = {
			isa = PBXShellScriptBuildPhase;
			buildActionMask = 2147483647;
			files = (
			);
			inputFileListPaths = (
				"${PODS_ROOT}/Target Support Files/Pods-yall-yallTests/Pods-yall-yallTests-resources-${CONFIGURATION}-input-files.xcfilelist",
			);
			name = "[CP] Copy Pods Resources";
			outputFileListPaths = (
				"${PODS_ROOT}/Target Support Files/Pods-yall-yallTests/Pods-yall-yallTests-resources-${CONFIGURATION}-output-files.xcfilelist",
			);
			runOnlyForDeploymentPostprocessing = 0;
			shellPath = /bin/sh;
			shellScript = "\"${PODS_ROOT}/Target Support Files/Pods-yall-yallTests/Pods-yall-yallTests-resources.sh\"\n";
			showEnvVarsInLog = 0;
		};
		FD10A7F022414F080027D42C /* Start Packager */ = {
			isa = PBXShellScriptBuildPhase;
			buildActionMask = 2147483647;
			files = (
			);
			inputFileListPaths = (
			);
			inputPaths = (
			);
			name = "Start Packager";
			outputFileListPaths = (
			);
			outputPaths = (
			);
			runOnlyForDeploymentPostprocessing = 0;
			shellPath = /bin/sh;
			shellScript = "export RCT_METRO_PORT=\"${RCT_METRO_PORT:=8081}\"\necho \"export RCT_METRO_PORT=${RCT_METRO_PORT}\" > \"${SRCROOT}/../node_modules/react-native/scripts/.packager.env\"\nif [ -z \"${RCT_NO_LAUNCH_PACKAGER+xxx}\" ] ; then\n  if nc -w 5 -z localhost ${RCT_METRO_PORT} ; then\n    if ! curl -s \"http://localhost:${RCT_METRO_PORT}/status\" | grep -q \"packager-status:running\" ; then\n      echo \"Port ${RCT_METRO_PORT} already in use, packager is either not running or not running correctly\"\n      exit 2\n    fi\n  else\n    open \"$SRCROOT/../node_modules/react-native/scripts/launchPackager.command\" || echo \"Can't start packager automatically\"\n  fi\nfi\n";
			showEnvVarsInLog = 0;
		};
/* End PBXShellScriptBuildPhase section */

/* Begin PBXSourcesBuildPhase section */
		00E356EA1AD99517003FC87E /* Sources */ = {
			isa = PBXSourcesBuildPhase;
			buildActionMask = 2147483647;
			files = (
				00E356F31AD99517003FC87E /* yallTests.m in Sources */,
			);
			runOnlyForDeploymentPostprocessing = 0;
		};
		13B07F871A680F5B00A75B9A /* Sources */ = {
			isa = PBXSourcesBuildPhase;
			buildActionMask = 2147483647;
			files = (
				13B07FBC1A68108700A75B9A /* AppDelegate.mm in Sources */,
				13B07FC11A68108700A75B9A /* main.m in Sources */,
			);
			runOnlyForDeploymentPostprocessing = 0;
		};
/* End PBXSourcesBuildPhase section */

/* Begin PBXTargetDependency section */
		00E356F51AD99517003FC87E /* PBXTargetDependency */ = {
			isa = PBXTargetDependency;
			target = 13B07F861A680F5B00A75B9A /* yall */;
			targetProxy = 00E356F41AD99517003FC87E /* PBXContainerItemProxy */;
		};
/* End PBXTargetDependency section */

/* Begin XCBuildConfiguration section */
		00E356F61AD99517003FC87E /* Debug */ = {
			isa = XCBuildConfiguration;
			baseConfigurationReference = 5B7EB9410499542E8C5724F5 /* Pods-yall-yallTests.debug.xcconfig */;
			buildSettings = {
				BUNDLE_LOADER = "$(TEST_HOST)";
				GCC_PREPROCESSOR_DEFINITIONS = (
					"DEBUG=1",
					"$(inherited)",
				);
				INFOPLIST_FILE = yallTests/Info.plist;
				IPHONEOS_DEPLOYMENT_TARGET = 11.0;
				LD_RUNPATH_SEARCH_PATHS = (
					"$(inherited)",
					"@executable_path/Frameworks",
					"@loader_path/Frameworks",
				);
				OTHER_LDFLAGS = (
					"-ObjC",
					"-lc++",
					"$(inherited)",
				);
				PRODUCT_BUNDLE_IDENTIFIER = "org.reactjs.native.example.$(PRODUCT_NAME:rfc1034identifier)";
				PRODUCT_NAME = "$(TARGET_NAME)";
				TEST_HOST = "$(BUILT_PRODUCTS_DIR)/yall.app/yall";
			};
			name = Debug;
		};
		00E356F71AD99517003FC87E /* Release */ = {
			isa = XCBuildConfiguration;
			baseConfigurationReference = 89C6BE57DB24E9ADA2F236DE /* Pods-yall-yallTests.release.xcconfig */;
			buildSettings = {
				BUNDLE_LOADER = "$(TEST_HOST)";
				COPY_PHASE_STRIP = NO;
				INFOPLIST_FILE = yallTests/Info.plist;
				IPHONEOS_DEPLOYMENT_TARGET = 11.0;
				LD_RUNPATH_SEARCH_PATHS = (
					"$(inherited)",
					"@executable_path/Frameworks",
					"@loader_path/Frameworks",
				);
				OTHER_LDFLAGS = (
					"-ObjC",
					"-lc++",
					"$(inherited)",
				);
				PRODUCT_BUNDLE_IDENTIFIER = "org.reactjs.native.example.$(PRODUCT_NAME:rfc1034identifier)";
				PRODUCT_NAME = "$(TARGET_NAME)";
				TEST_HOST = "$(BUILT_PRODUCTS_DIR)/yall.app/yall";
			};
			name = Release;
		};
		13B07F941A680F5B00A75B9A /* Debug */ = {
			isa = XCBuildConfiguration;
			baseConfigurationReference = 3B4392A12AC88292D35C810B /* Pods-yall.debug.xcconfig */;
			buildSettings = {
				ASSETCATALOG_COMPILER_APPICON_NAME = AppIcon;
				CLANG_ENABLE_MODULES = YES;
				CURRENT_PROJECT_VERSION = 1;
				ENABLE_BITCODE = NO;
				INFOPLIST_FILE = yall/Info.plist;
				LD_RUNPATH_SEARCH_PATHS = (
					"$(inherited)",
					"@executable_path/Frameworks",
				);
				OTHER_LDFLAGS = (
					"$(inherited)",
					"-ObjC",
					"-lc++",
				);
				PRODUCT_BUNDLE_IDENTIFIER = "org.reactjs.native.example.$(PRODUCT_NAME:rfc1034identifier)";
				PRODUCT_NAME = yall;
				SWIFT_OPTIMIZATION_LEVEL = "-Onone";
				SWIFT_VERSION = 5.0;
				VERSIONING_SYSTEM = "apple-generic";
			};
			name = Debug;
		};
		13B07F951A680F5B00A75B9A /* Release */ = {
			isa = XCBuildConfiguration;
			baseConfigurationReference = 5709B34CF0A7D63546082F79 /* Pods-yall.release.xcconfig */;
			buildSettings = {
				ASSETCATALOG_COMPILER_APPICON_NAME = AppIcon;
				CLANG_ENABLE_MODULES = YES;
				CURRENT_PROJECT_VERSION = 1;
				INFOPLIST_FILE = yall/Info.plist;
				LD_RUNPATH_SEARCH_PATHS = (
					"$(inherited)",
					"@executable_path/Frameworks",
				);
				OTHER_LDFLAGS = (
					"$(inherited)",
					"-ObjC",
					"-lc++",
				);
				PRODUCT_BUNDLE_IDENTIFIER = "org.reactjs.native.example.$(PRODUCT_NAME:rfc1034identifier)";
				PRODUCT_NAME = yall;
				SWIFT_VERSION = 5.0;
				VERSIONING_SYSTEM = "apple-generic";
			};
			name = Release;
		};
		83CBBA201A601CBA00E9B192 /* Debug */ = {
			isa = XCBuildConfiguration;
			buildSettings = {
				ALWAYS_SEARCH_USER_PATHS = NO;
				CLANG_ANALYZER_LOCALIZABILITY_NONLOCALIZED = YES;
				CLANG_CXX_LANGUAGE_STANDARD = "c++17";
				CLANG_CXX_LIBRARY = "libc++";
				CLANG_ENABLE_MODULES = YES;
				CLANG_ENABLE_OBJC_ARC = YES;
				CLANG_WARN_BLOCK_CAPTURE_AUTORELEASING = YES;
				CLANG_WARN_BOOL_CONVERSION = YES;
				CLANG_WARN_COMMA = YES;
				CLANG_WARN_CONSTANT_CONVERSION = YES;
				CLANG_WARN_DEPRECATED_OBJC_IMPLEMENTATIONS = YES;
				CLANG_WARN_DIRECT_OBJC_ISA_USAGE = YES_ERROR;
				CLANG_WARN_EMPTY_BODY = YES;
				CLANG_WARN_ENUM_CONVERSION = YES;
				CLANG_WARN_INFINITE_RECURSION = YES;
				CLANG_WARN_INT_CONVERSION = YES;
				CLANG_WARN_NON_LITERAL_NULL_CONVERSION = YES;
				CLANG_WARN_OBJC_IMPLICIT_RETAIN_SELF = YES;
				CLANG_WARN_OBJC_LITERAL_CONVERSION = YES;
				CLANG_WARN_OBJC_ROOT_CLASS = YES_ERROR;
				CLANG_WARN_QUOTED_INCLUDE_IN_FRAMEWORK_HEADER = YES;
				CLANG_WARN_RANGE_LOOP_ANALYSIS = YES;
				CLANG_WARN_STRICT_PROTOTYPES = YES;
				CLANG_WARN_SUSPICIOUS_MOVE = YES;
				CLANG_WARN_UNREACHABLE_CODE = YES;
				CLANG_WARN__DUPLICATE_METHOD_MATCH = YES;
				"CODE_SIGN_IDENTITY[sdk=iphoneos*]" = "iPhone Developer";
				COPY_PHASE_STRIP = NO;
				ENABLE_STRICT_OBJC_MSGSEND = YES;
				ENABLE_TESTABILITY = YES;
				"EXCLUDED_ARCHS[sdk=iphonesimulator*]" = "";
				GCC_C_LANGUAGE_STANDARD = gnu99;
				GCC_DYNAMIC_NO_PIC = NO;
				GCC_NO_COMMON_BLOCKS = YES;
				GCC_OPTIMIZATION_LEVEL = 0;
				GCC_PREPROCESSOR_DEFINITIONS = (
					"DEBUG=1",
					"$(inherited)",
				);
				GCC_SYMBOLS_PRIVATE_EXTERN = NO;
				GCC_WARN_64_TO_32_BIT_CONVERSION = YES;
				GCC_WARN_ABOUT_RETURN_TYPE = YES_ERROR;
				GCC_WARN_UNDECLARED_SELECTOR = YES;
				GCC_WARN_UNINITIALIZED_AUTOS = YES_AGGRESSIVE;
				GCC_WARN_UNUSED_FUNCTION = YES;
				GCC_WARN_UNUSED_VARIABLE = YES;
				IPHONEOS_DEPLOYMENT_TARGET = 11.0;
				LD_RUNPATH_SEARCH_PATHS = (
					/usr/lib/swift,
					"$(inherited)",
				);
				LIBRARY_SEARCH_PATHS = (
					"\"$(SDKROOT)/usr/lib/swift\"",
					"\"$(TOOLCHAIN_DIR)/usr/lib/swift/$(PLATFORM_NAME)\"",
					"\"$(inherited)\"",
				);
				MTL_ENABLE_DEBUG_INFO = YES;
				ONLY_ACTIVE_ARCH = YES;
				OTHER_CPLUSPLUSFLAGS = (
					"$(OTHER_CFLAGS)",
					"-DFOLLY_NO_CONFIG",
					"-DFOLLY_MOBILE=1",
					"-DFOLLY_USE_LIBCPP=1",
				);
				SDKROOT = iphoneos;
			};
			name = Debug;
		};
		83CBBA211A601CBA00E9B192 /* Release */ = {
			isa = XCBuildConfiguration;
			buildSettings = {
				ALWAYS_SEARCH_USER_PATHS = NO;
				CLANG_ANALYZER_LOCALIZABILITY_NONLOCALIZED = YES;
				CLANG_CXX_LANGUAGE_STANDARD = "c++17";
				CLANG_CXX_LIBRARY = "libc++";
				CLANG_ENABLE_MODULES = YES;
				CLANG_ENABLE_OBJC_ARC = YES;
				CLANG_WARN_BLOCK_CAPTURE_AUTORELEASING = YES;
				CLANG_WARN_BOOL_CONVERSION = YES;
				CLANG_WARN_COMMA = YES;
				CLANG_WARN_CONSTANT_CONVERSION = YES;
				CLANG_WARN_DEPRECATED_OBJC_IMPLEMENTATIONS = YES;
				CLANG_WARN_DIRECT_OBJC_ISA_USAGE = YES_ERROR;
				CLANG_WARN_EMPTY_BODY = YES;
				CLANG_WARN_ENUM_CONVERSION = YES;
				CLANG_WARN_INFINITE_RECURSION = YES;
				CLANG_WARN_INT_CONVERSION = YES;
				CLANG_WARN_NON_LITERAL_NULL_CONVERSION = YES;
				CLANG_WARN_OBJC_IMPLICIT_RETAIN_SELF = YES;
				CLANG_WARN_OBJC_LITERAL_CONVERSION = YES;
				CLANG_WARN_OBJC_ROOT_CLASS = YES_ERROR;
				CLANG_WARN_QUOTED_INCLUDE_IN_FRAMEWORK_HEADER = YES;
				CLANG_WARN_RANGE_LOOP_ANALYSIS = YES;
				CLANG_WARN_STRICT_PROTOTYPES = YES;
				CLANG_WARN_SUSPICIOUS_MOVE = YES;
				CLANG_WARN_UNREACHABLE_CODE = YES;
				CLANG_WARN__DUPLICATE_METHOD_MATCH = YES;
				"CODE_SIGN_IDENTITY[sdk=iphoneos*]" = "iPhone Developer";
				COPY_PHASE_STRIP = YES;
				ENABLE_NS_ASSERTIONS = NO;
				ENABLE_STRICT_OBJC_MSGSEND = YES;
				"EXCLUDED_ARCHS[sdk=iphonesimulator*]" = "";
				GCC_C_LANGUAGE_STANDARD = gnu99;
				GCC_NO_COMMON_BLOCKS = YES;
				GCC_WARN_64_TO_32_BIT_CONVERSION = YES;
				GCC_WARN_ABOUT_RETURN_TYPE = YES_ERROR;
				GCC_WARN_UNDECLARED_SELECTOR = YES;
				GCC_WARN_UNINITIALIZED_AUTOS = YES_AGGRESSIVE;
				GCC_WARN_UNUSED_FUNCTION = YES;
				GCC_WARN_UNUSED_VARIABLE = YES;
				IPHONEOS_DEPLOYMENT_TARGET = 11.0;
				LD_RUNPATH_SEARCH_PATHS = (
					/usr/lib/swift,
					"$(inherited)",
				);
				LIBRARY_SEARCH_PATHS = (
					"\"$(SDKROOT)/usr/lib/swift\"",
					"\"$(TOOLCHAIN_DIR)/usr/lib/swift/$(PLATFORM_NAME)\"",
					"\"$(inherited)\"",
				);
				MTL_ENABLE_DEBUG_INFO = NO;
				OTHER_CPLUSPLUSFLAGS = (
					"$(OTHER_CFLAGS)",
					"-DFOLLY_NO_CONFIG",
					"-DFOLLY_MOBILE=1",
					"-DFOLLY_USE_LIBCPP=1",
				);
				SDKROOT = iphoneos;
				VALIDATE_PRODUCT = YES;
			};
			name = Release;
		};
/* End XCBuildConfiguration section */

/* Begin XCConfigurationList section */
		00E357021AD99517003FC87E /* Build configuration list for PBXNativeTarget "yallTests" */ = {
			isa = XCConfigurationList;
			buildConfigurations = (
				00E356F61AD99517003FC87E /* Debug */,
				00E356F71AD99517003FC87E /* Release */,
			);
			defaultConfigurationIsVisible = 0;
			defaultConfigurationName = Release;
		};
		13B07F931A680F5B00A75B9A /* Build configuration list for PBXNativeTarget "yall" */ = {
			isa = XCConfigurationList;
			buildConfigurations = (
				13B07F941A680F5B00A75B9A /* Debug */,
				13B07F951A680F5B00A75B9A /* Release */,
			);
			defaultConfigurationIsVisible = 0;
			defaultConfigurationName = Release;
		};
		83CBB9FA1A601CBA00E9B192 /* Build configuration list for PBXProject "yall" */ = {
			isa = XCConfigurationList;
			buildConfigurations = (
				83CBBA201A601CBA00E9B192 /* Debug */,
				83CBBA211A601CBA00E9B192 /* Release */,
			);
			defaultConfigurationIsVisible = 0;
			defaultConfigurationName = Release;
		};
/* End XCConfigurationList section */
	};
	rootObject = 83CBB9F71A601CBA00E9B192 /* Project object */;
}
